
Microsoft Visual Studio Solution File, Format Version 12.00
# Visual Studio 14
VisualStudioVersion = 14.0.25420.1
MinimumVisualStudioVersion = 10.0.40219.1
Project("{FAE04EC0-301F-11D3-BF4B-00C04F79EFBC}") = "MobilePaywall.WebLogInspector", "MobilePaywall.WebLogInspector\MobilePaywall.WebLogInspector.csproj", "{45900F91-A4DB-4CA3-AE66-3CBB9D76F7B8}"
EndProject
Project("{FAE04EC0-301F-11D3-BF4B-00C04F79EFBC}") = "MobilePaywall.Core", "..\..\..\MobilePaywall\trunk\MobilePaywall.Core\MobilePaywall.Core.csproj", "{4E086F05-DEDB-4399-8876-C988CB6CDDC8}"
EndProject
Project("{FAE04EC0-301F-11D3-BF4B-00C04F79EFBC}") = "MobilePaywall.Core.Sql", "..\..\..\MobilePaywall\trunk\MobilePaywall.Core.Sql\MobilePaywall.Core.Sql.csproj", "{82A22140-E04D-46CD-BDD4-6B81C83AB9AF}"
EndProject
Project("{FAE04EC0-301F-11D3-BF4B-00C04F79EFBC}") = "Senti.Core", "..\..\..\Senti\trunk\Senti.Core\Senti.Core.csproj", "{FC2AA55A-F0CA-423A-8F45-2F21FC6982CE}"
EndProject
Project("{FAE04EC0-301F-11D3-BF4B-00C04F79EFBC}") = "Senti.Data", "..\..\..\Senti\trunk\Senti.Data\Senti.Data.csproj", "{FFA64EB3-3D17-4DC1-8B8F-1E4B884AC7E5}"
EndProject
Global
	GlobalSection(SolutionConfigurationPlatforms) = preSolution
		Debug|Any CPU = Debug|Any CPU
		Debug|x64 = Debug|x64
		Live.Debug|Any CPU = Live.Debug|Any CPU
		Live.Debug|x64 = Live.Debug|x64
		Live.Iran.Release|Any CPU = Live.Iran.Release|Any CPU
		Live.Iran.Release|x64 = Live.Iran.Release|x64
		Live.Release|Any CPU = Live.Release|Any CPU
		Live.Release|x64 = Live.Release|x64
		Local.Debug|Any CPU = Local.Debug|Any CPU
		Local.Debug|x64 = Local.Debug|x64
		Local.Release|Any CPU = Local.Release|Any CPU
		Local.Release|x64 = Local.Release|x64
		Local.Test|Any CPU = Local.Test|Any CPU
		Local.Test|x64 = Local.Test|x64
		Release|Any CPU = Release|Any CPU
		Release|x64 = Release|x64
		Stagging.Debug|Any CPU = Stagging.Debug|Any CPU
		Stagging.Debug|x64 = Stagging.Debug|x64
		Stagging.Release|Any CPU = Stagging.Release|Any CPU
		Stagging.Release|x64 = Stagging.Release|x64
		Test.Debug|Any CPU = Test.Debug|Any CPU
		Test.Debug|x64 = Test.Debug|x64
		Test.Release|Any CPU = Test.Release|Any CPU
		Test.Release|x64 = Test.Release|x64
	EndGlobalSection
	GlobalSection(ProjectConfigurationPlatforms) = postSolution
		{45900F91-A4DB-4CA3-AE66-3CBB9D76F7B8}.Debug|Any CPU.ActiveCfg = Debug|Any CPU
		{45900F91-A4DB-4CA3-AE66-3CBB9D76F7B8}.Debug|Any CPU.Build.0 = Debug|Any CPU
		{45900F91-A4DB-4CA3-AE66-3CBB9D76F7B8}.Debug|x64.ActiveCfg = Debug|Any CPU
		{45900F91-A4DB-4CA3-AE66-3CBB9D76F7B8}.Debug|x64.Build.0 = Debug|Any CPU
		{45900F91-A4DB-4CA3-AE66-3CBB9D76F7B8}.Live.Debug|Any CPU.ActiveCfg = Debug|Any CPU
		{45900F91-A4DB-4CA3-AE66-3CBB9D76F7B8}.Live.Debug|Any CPU.Build.0 = Debug|Any CPU
		{45900F91-A4DB-4CA3-AE66-3CBB9D76F7B8}.Live.Debug|x64.ActiveCfg = Debug|Any CPU
		{45900F91-A4DB-4CA3-AE66-3CBB9D76F7B8}.Live.Debug|x64.Build.0 = Debug|Any CPU
		{45900F91-A4DB-4CA3-AE66-3CBB9D76F7B8}.Live.Iran.Release|Any CPU.ActiveCfg = Release|Any CPU
		{45900F91-A4DB-4CA3-AE66-3CBB9D76F7B8}.Live.Iran.Release|Any CPU.Build.0 = Release|Any CPU
		{45900F91-A4DB-4CA3-AE66-3CBB9D76F7B8}.Live.Iran.Release|x64.ActiveCfg = Release|Any CPU
		{45900F91-A4DB-4CA3-AE66-3CBB9D76F7B8}.Live.Iran.Release|x64.Build.0 = Release|Any CPU
		{45900F91-A4DB-4CA3-AE66-3CBB9D76F7B8}.Live.Release|Any CPU.ActiveCfg = Release|Any CPU
		{45900F91-A4DB-4CA3-AE66-3CBB9D76F7B8}.Live.Release|Any CPU.Build.0 = Release|Any CPU
		{45900F91-A4DB-4CA3-AE66-3CBB9D76F7B8}.Live.Release|x64.ActiveCfg = Release|Any CPU
		{45900F91-A4DB-4CA3-AE66-3CBB9D76F7B8}.Live.Release|x64.Build.0 = Release|Any CPU
		{45900F91-A4DB-4CA3-AE66-3CBB9D76F7B8}.Local.Debug|Any CPU.ActiveCfg = Debug|Any CPU
		{45900F91-A4DB-4CA3-AE66-3CBB9D76F7B8}.Local.Debug|Any CPU.Build.0 = Debug|Any CPU
		{45900F91-A4DB-4CA3-AE66-3CBB9D76F7B8}.Local.Debug|x64.ActiveCfg = Debug|Any CPU
		{45900F91-A4DB-4CA3-AE66-3CBB9D76F7B8}.Local.Debug|x64.Build.0 = Debug|Any CPU
		{45900F91-A4DB-4CA3-AE66-3CBB9D76F7B8}.Local.Release|Any CPU.ActiveCfg = Release|Any CPU
		{45900F91-A4DB-4CA3-AE66-3CBB9D76F7B8}.Local.Release|Any CPU.Build.0 = Release|Any CPU
		{45900F91-A4DB-4CA3-AE66-3CBB9D76F7B8}.Local.Release|x64.ActiveCfg = Release|Any CPU
		{45900F91-A4DB-4CA3-AE66-3CBB9D76F7B8}.Local.Release|x64.Build.0 = Release|Any CPU
		{45900F91-A4DB-4CA3-AE66-3CBB9D76F7B8}.Local.Test|Any CPU.ActiveCfg = Release|Any CPU
		{45900F91-A4DB-4CA3-AE66-3CBB9D76F7B8}.Local.Test|Any CPU.Build.0 = Release|Any CPU
		{45900F91-A4DB-4CA3-AE66-3CBB9D76F7B8}.Local.Test|x64.ActiveCfg = Release|Any CPU
		{45900F91-A4DB-4CA3-AE66-3CBB9D76F7B8}.Local.Test|x64.Build.0 = Release|Any CPU
		{45900F91-A4DB-4CA3-AE66-3CBB9D76F7B8}.Release|Any CPU.ActiveCfg = Release|Any CPU
		{45900F91-A4DB-4CA3-AE66-3CBB9D76F7B8}.Release|Any CPU.Build.0 = Release|Any CPU
		{45900F91-A4DB-4CA3-AE66-3CBB9D76F7B8}.Release|x64.ActiveCfg = Release|Any CPU
		{45900F91-A4DB-4CA3-AE66-3CBB9D76F7B8}.Release|x64.Build.0 = Release|Any CPU
		{45900F91-A4DB-4CA3-AE66-3CBB9D76F7B8}.Stagging.Debug|Any CPU.ActiveCfg = Debug|Any CPU
		{45900F91-A4DB-4CA3-AE66-3CBB9D76F7B8}.Stagging.Debug|Any CPU.Build.0 = Debug|Any CPU
		{45900F91-A4DB-4CA3-AE66-3CBB9D76F7B8}.Stagging.Debug|x64.ActiveCfg = Debug|Any CPU
		{45900F91-A4DB-4CA3-AE66-3CBB9D76F7B8}.Stagging.Debug|x64.Build.0 = Debug|Any CPU
		{45900F91-A4DB-4CA3-AE66-3CBB9D76F7B8}.Stagging.Release|Any CPU.ActiveCfg = Release|Any CPU
		{45900F91-A4DB-4CA3-AE66-3CBB9D76F7B8}.Stagging.Release|Any CPU.Build.0 = Release|Any CPU
		{45900F91-A4DB-4CA3-AE66-3CBB9D76F7B8}.Stagging.Release|x64.ActiveCfg = Release|Any CPU
		{45900F91-A4DB-4CA3-AE66-3CBB9D76F7B8}.Stagging.Release|x64.Build.0 = Release|Any CPU
		{45900F91-A4DB-4CA3-AE66-3CBB9D76F7B8}.Test.Debug|Any CPU.ActiveCfg = Debug|Any CPU
		{45900F91-A4DB-4CA3-AE66-3CBB9D76F7B8}.Test.Debug|Any CPU.Build.0 = Debug|Any CPU
		{45900F91-A4DB-4CA3-AE66-3CBB9D76F7B8}.Test.Debug|x64.ActiveCfg = Debug|Any CPU
		{45900F91-A4DB-4CA3-AE66-3CBB9D76F7B8}.Test.Debug|x64.Build.0 = Debug|Any CPU
		{45900F91-A4DB-4CA3-AE66-3CBB9D76F7B8}.Test.Release|Any CPU.ActiveCfg = Release|Any CPU
		{45900F91-A4DB-4CA3-AE66-3CBB9D76F7B8}.Test.Release|Any CPU.Build.0 = Release|Any CPU
		{45900F91-A4DB-4CA3-AE66-3CBB9D76F7B8}.Test.Release|x64.ActiveCfg = Release|Any CPU
		{45900F91-A4DB-4CA3-AE66-3CBB9D76F7B8}.Test.Release|x64.Build.0 = Release|Any CPU
		{4E086F05-DEDB-4399-8876-C988CB6CDDC8}.Debug|Any CPU.ActiveCfg = Debug|Any CPU
		{4E086F05-DEDB-4399-8876-C988CB6CDDC8}.Debug|Any CPU.Build.0 = Debug|Any CPU
		{4E086F05-DEDB-4399-8876-C988CB6CDDC8}.Debug|x64.ActiveCfg = Debug|x64
		{4E086F05-DEDB-4399-8876-C988CB6CDDC8}.Debug|x64.Build.0 = Debug|x64
		{4E086F05-DEDB-4399-8876-C988CB6CDDC8}.Live.Debug|Any CPU.ActiveCfg = Live.Debug|Any CPU
		{4E086F05-DEDB-4399-8876-C988CB6CDDC8}.Live.Debug|Any CPU.Build.0 = Live.Debug|Any CPU
		{4E086F05-DEDB-4399-8876-C988CB6CDDC8}.Live.Debug|x64.ActiveCfg = Live.Debug|x64
		{4E086F05-DEDB-4399-8876-C988CB6CDDC8}.Live.Debug|x64.Build.0 = Live.Debug|x64
		{4E086F05-DEDB-4399-8876-C988CB6CDDC8}.Live.Iran.Release|Any CPU.ActiveCfg = Live.Iran.Release|Any CPU
		{4E086F05-DEDB-4399-8876-C988CB6CDDC8}.Live.Iran.Release|Any CPU.Build.0 = Live.Iran.Release|Any CPU
		{4E086F05-DEDB-4399-8876-C988CB6CDDC8}.Live.Iran.Release|x64.ActiveCfg = Live.Iran.Release|x64
		{4E086F05-DEDB-4399-8876-C988CB6CDDC8}.Live.Iran.Release|x64.Build.0 = Live.Iran.Release|x64
		{4E086F05-DEDB-4399-8876-C988CB6CDDC8}.Live.Release|Any CPU.ActiveCfg = Live.Release|Any CPU
		{4E086F05-DEDB-4399-8876-C988CB6CDDC8}.Live.Release|Any CPU.Build.0 = Live.Release|Any CPU
		{4E086F05-DEDB-4399-8876-C988CB6CDDC8}.Live.Release|x64.ActiveCfg = Live.Release|x64
		{4E086F05-DEDB-4399-8876-C988CB6CDDC8}.Live.Release|x64.Build.0 = Live.Release|x64
		{4E086F05-DEDB-4399-8876-C988CB6CDDC8}.Local.Debug|Any CPU.ActiveCfg = Debug|Any CPU
		{4E086F05-DEDB-4399-8876-C988CB6CDDC8}.Local.Debug|Any CPU.Build.0 = Debug|Any CPU
		{4E086F05-DEDB-4399-8876-C988CB6CDDC8}.Local.Debug|x64.ActiveCfg = Debug|x64
		{4E086F05-DEDB-4399-8876-C988CB6CDDC8}.Local.Debug|x64.Build.0 = Debug|x64
		{4E086F05-DEDB-4399-8876-C988CB6CDDC8}.Local.Release|Any CPU.ActiveCfg = Release|Any CPU
		{4E086F05-DEDB-4399-8876-C988CB6CDDC8}.Local.Release|Any CPU.Build.0 = Release|Any CPU
		{4E086F05-DEDB-4399-8876-C988CB6CDDC8}.Local.Release|x64.ActiveCfg = Release|x64
		{4E086F05-DEDB-4399-8876-C988CB6CDDC8}.Local.Release|x64.Build.0 = Release|x64
		{4E086F05-DEDB-4399-8876-C988CB6CDDC8}.Local.Test|Any CPU.ActiveCfg = Live.Iran.Release|Any CPU
		{4E086F05-DEDB-4399-8876-C988CB6CDDC8}.Local.Test|Any CPU.Build.0 = Live.Iran.Release|Any CPU
		{4E086F05-DEDB-4399-8876-C988CB6CDDC8}.Local.Test|x64.ActiveCfg = Live.Iran.Release|x64
		{4E086F05-DEDB-4399-8876-C988CB6CDDC8}.Local.Test|x64.Build.0 = Live.Iran.Release|x64
		{4E086F05-DEDB-4399-8876-C988CB6CDDC8}.Release|Any CPU.ActiveCfg = Release|Any CPU
		{4E086F05-DEDB-4399-8876-C988CB6CDDC8}.Release|Any CPU.Build.0 = Release|Any CPU
		{4E086F05-DEDB-4399-8876-C988CB6CDDC8}.Release|x64.ActiveCfg = Release|x64
		{4E086F05-DEDB-4399-8876-C988CB6CDDC8}.Release|x64.Build.0 = Release|x64
		{4E086F05-DEDB-4399-8876-C988CB6CDDC8}.Stagging.Debug|Any CPU.ActiveCfg = Debug|Any CPU
		{4E086F05-DEDB-4399-8876-C988CB6CDDC8}.Stagging.Debug|Any CPU.Build.0 = Debug|Any CPU
		{4E086F05-DEDB-4399-8876-C988CB6CDDC8}.Stagging.Debug|x64.ActiveCfg = Debug|x64
		{4E086F05-DEDB-4399-8876-C988CB6CDDC8}.Stagging.Debug|x64.Build.0 = Debug|x64
		{4E086F05-DEDB-4399-8876-C988CB6CDDC8}.Stagging.Release|Any CPU.ActiveCfg = Release|Any CPU
		{4E086F05-DEDB-4399-8876-C988CB6CDDC8}.Stagging.Release|Any CPU.Build.0 = Release|Any CPU
		{4E086F05-DEDB-4399-8876-C988CB6CDDC8}.Stagging.Release|x64.ActiveCfg = Release|x64
		{4E086F05-DEDB-4399-8876-C988CB6CDDC8}.Stagging.Release|x64.Build.0 = Release|x64
		{4E086F05-DEDB-4399-8876-C988CB6CDDC8}.Test.Debug|Any CPU.ActiveCfg = Test.Debug|Any CPU
		{4E086F05-DEDB-4399-8876-C988CB6CDDC8}.Test.Debug|Any CPU.Build.0 = Test.Debug|Any CPU
		{4E086F05-DEDB-4399-8876-C988CB6CDDC8}.Test.Debug|x64.ActiveCfg = Test.Debug|x64
		{4E086F05-DEDB-4399-8876-C988CB6CDDC8}.Test.Debug|x64.Build.0 = Test.Debug|x64
		{4E086F05-DEDB-4399-8876-C988CB6CDDC8}.Test.Release|Any CPU.ActiveCfg = Test.Release|Any CPU
		{4E086F05-DEDB-4399-8876-C988CB6CDDC8}.Test.Release|Any CPU.Build.0 = Test.Release|Any CPU
		{4E086F05-DEDB-4399-8876-C988CB6CDDC8}.Test.Release|x64.ActiveCfg = Test.Release|x64
		{4E086F05-DEDB-4399-8876-C988CB6CDDC8}.Test.Release|x64.Build.0 = Test.Release|x64
		{82A22140-E04D-46CD-BDD4-6B81C83AB9AF}.Debug|Any CPU.ActiveCfg = Debug|Any CPU
		{82A22140-E04D-46CD-BDD4-6B81C83AB9AF}.Debug|Any CPU.Build.0 = Debug|Any CPU
		{82A22140-E04D-46CD-BDD4-6B81C83AB9AF}.Debug|x64.ActiveCfg = Debug|x64
		{82A22140-E04D-46CD-BDD4-6B81C83AB9AF}.Debug|x64.Build.0 = Debug|x64
		{82A22140-E04D-46CD-BDD4-6B81C83AB9AF}.Live.Debug|Any CPU.ActiveCfg = Live.Debug|Any CPU
		{82A22140-E04D-46CD-BDD4-6B81C83AB9AF}.Live.Debug|Any CPU.Build.0 = Live.Debug|Any CPU
		{82A22140-E04D-46CD-BDD4-6B81C83AB9AF}.Live.Debug|x64.ActiveCfg = Live.Debug|x64
		{82A22140-E04D-46CD-BDD4-6B81C83AB9AF}.Live.Debug|x64.Build.0 = Live.Debug|x64
		{82A22140-E04D-46CD-BDD4-6B81C83AB9AF}.Live.Iran.Release|Any CPU.ActiveCfg = Live.Iran.Release|Any CPU
		{82A22140-E04D-46CD-BDD4-6B81C83AB9AF}.Live.Iran.Release|Any CPU.Build.0 = Live.Iran.Release|Any CPU
		{82A22140-E04D-46CD-BDD4-6B81C83AB9AF}.Live.Iran.Release|x64.ActiveCfg = Live.Iran.Release|x64
		{82A22140-E04D-46CD-BDD4-6B81C83AB9AF}.Live.Iran.Release|x64.Build.0 = Live.Iran.Release|x64
		{82A22140-E04D-46CD-BDD4-6B81C83AB9AF}.Live.Release|Any CPU.ActiveCfg = Live.Release|Any CPU
		{82A22140-E04D-46CD-BDD4-6B81C83AB9AF}.Live.Release|Any CPU.Build.0 = Live.Release|Any CPU
		{82A22140-E04D-46CD-BDD4-6B81C83AB9AF}.Live.Release|x64.ActiveCfg = Live.Release|x64
		{82A22140-E04D-46CD-BDD4-6B81C83AB9AF}.Live.Release|x64.Build.0 = Live.Release|x64
		{82A22140-E04D-46CD-BDD4-6B81C83AB9AF}.Local.Debug|Any CPU.ActiveCfg = Debug|Any CPU
		{82A22140-E04D-46CD-BDD4-6B81C83AB9AF}.Local.Debug|Any CPU.Build.0 = Debug|Any CPU
		{82A22140-E04D-46CD-BDD4-6B81C83AB9AF}.Local.Debug|x64.ActiveCfg = Debug|x64
		{82A22140-E04D-46CD-BDD4-6B81C83AB9AF}.Local.Debug|x64.Build.0 = Debug|x64
		{82A22140-E04D-46CD-BDD4-6B81C83AB9AF}.Local.Release|Any CPU.ActiveCfg = Release|Any CPU
		{82A22140-E04D-46CD-BDD4-6B81C83AB9AF}.Local.Release|Any CPU.Build.0 = Release|Any CPU
		{82A22140-E04D-46CD-BDD4-6B81C83AB9AF}.Local.Release|x64.ActiveCfg = Release|x64
		{82A22140-E04D-46CD-BDD4-6B81C83AB9AF}.Local.Release|x64.Build.0 = Release|x64
		{82A22140-E04D-46CD-BDD4-6B81C83AB9AF}.Local.Test|Any CPU.ActiveCfg = Live.Iran.Release|Any CPU
		{82A22140-E04D-46CD-BDD4-6B81C83AB9AF}.Local.Test|Any CPU.Build.0 = Live.Iran.Release|Any CPU
		{82A22140-E04D-46CD-BDD4-6B81C83AB9AF}.Local.Test|x64.ActiveCfg = Live.Iran.Release|x64
		{82A22140-E04D-46CD-BDD4-6B81C83AB9AF}.Local.Test|x64.Build.0 = Live.Iran.Release|x64
		{82A22140-E04D-46CD-BDD4-6B81C83AB9AF}.Release|Any CPU.ActiveCfg = Release|Any CPU
		{82A22140-E04D-46CD-BDD4-6B81C83AB9AF}.Release|Any CPU.Build.0 = Release|Any CPU
		{82A22140-E04D-46CD-BDD4-6B81C83AB9AF}.Release|x64.ActiveCfg = Release|x64
		{82A22140-E04D-46CD-BDD4-6B81C83AB9AF}.Release|x64.Build.0 = Release|x64
		{82A22140-E04D-46CD-BDD4-6B81C83AB9AF}.Stagging.Debug|Any CPU.ActiveCfg = Debug|Any CPU
		{82A22140-E04D-46CD-BDD4-6B81C83AB9AF}.Stagging.Debug|Any CPU.Build.0 = Debug|Any CPU
		{82A22140-E04D-46CD-BDD4-6B81C83AB9AF}.Stagging.Debug|x64.ActiveCfg = Debug|x64
		{82A22140-E04D-46CD-BDD4-6B81C83AB9AF}.Stagging.Debug|x64.Build.0 = Debug|x64
		{82A22140-E04D-46CD-BDD4-6B81C83AB9AF}.Stagging.Release|Any CPU.ActiveCfg = Release|Any CPU
		{82A22140-E04D-46CD-BDD4-6B81C83AB9AF}.Stagging.Release|Any CPU.Build.0 = Release|Any CPU
		{82A22140-E04D-46CD-BDD4-6B81C83AB9AF}.Stagging.Release|x64.ActiveCfg = Release|x64
		{82A22140-E04D-46CD-BDD4-6B81C83AB9AF}.Stagging.Release|x64.Build.0 = Release|x64
		{82A22140-E04D-46CD-BDD4-6B81C83AB9AF}.Test.Debug|Any CPU.ActiveCfg = Test.Debug|Any CPU
		{82A22140-E04D-46CD-BDD4-6B81C83AB9AF}.Test.Debug|Any CPU.Build.0 = Test.Debug|Any CPU
		{82A22140-E04D-46CD-BDD4-6B81C83AB9AF}.Test.Debug|x64.ActiveCfg = Test.Debug|x64
		{82A22140-E04D-46CD-BDD4-6B81C83AB9AF}.Test.Debug|x64.Build.0 = Test.Debug|x64
		{82A22140-E04D-46CD-BDD4-6B81C83AB9AF}.Test.Release|Any CPU.ActiveCfg = Test.Release|Any CPU
		{82A22140-E04D-46CD-BDD4-6B81C83AB9AF}.Test.Release|Any CPU.Build.0 = Test.Release|Any CPU
		{82A22140-E04D-46CD-BDD4-6B81C83AB9AF}.Test.Release|x64.ActiveCfg = Test.Release|x64
		{82A22140-E04D-46CD-BDD4-6B81C83AB9AF}.Test.Release|x64.Build.0 = Test.Release|x64
		{FC2AA55A-F0CA-423A-8F45-2F21FC6982CE}.Debug|Any CPU.ActiveCfg = Debug|Any CPU
		{FC2AA55A-F0CA-423A-8F45-2F21FC6982CE}.Debug|Any CPU.Build.0 = Debug|Any CPU
		{FC2AA55A-F0CA-423A-8F45-2F21FC6982CE}.Debug|x64.ActiveCfg = Debug|x64
		{FC2AA55A-F0CA-423A-8F45-2F21FC6982CE}.Debug|x64.Build.0 = Debug|x64
		{FC2AA55A-F0CA-423A-8F45-2F21FC6982CE}.Live.Debug|Any CPU.ActiveCfg = Live.Debug|Any CPU
		{FC2AA55A-F0CA-423A-8F45-2F21FC6982CE}.Live.Debug|Any CPU.Build.0 = Live.Debug|Any CPU
		{FC2AA55A-F0CA-423A-8F45-2F21FC6982CE}.Live.Debug|x64.ActiveCfg = Live.Debug|x64
		{FC2AA55A-F0CA-423A-8F45-2F21FC6982CE}.Live.Debug|x64.Build.0 = Live.Debug|x64
		{FC2AA55A-F0CA-423A-8F45-2F21FC6982CE}.Live.Iran.Release|Any CPU.ActiveCfg = Release|Any CPU
		{FC2AA55A-F0CA-423A-8F45-2F21FC6982CE}.Live.Iran.Release|Any CPU.Build.0 = Release|Any CPU
		{FC2AA55A-F0CA-423A-8F45-2F21FC6982CE}.Live.Iran.Release|x64.ActiveCfg = Release|x64
		{FC2AA55A-F0CA-423A-8F45-2F21FC6982CE}.Live.Iran.Release|x64.Build.0 = Release|x64
		{FC2AA55A-F0CA-423A-8F45-2F21FC6982CE}.Live.Release|Any CPU.ActiveCfg = Live.Release|Any CPU
		{FC2AA55A-F0CA-423A-8F45-2F21FC6982CE}.Live.Release|Any CPU.Build.0 = Live.Release|Any CPU
		{FC2AA55A-F0CA-423A-8F45-2F21FC6982CE}.Live.Release|x64.ActiveCfg = Live.Release|x64
		{FC2AA55A-F0CA-423A-8F45-2F21FC6982CE}.Live.Release|x64.Build.0 = Live.Release|x64
		{FC2AA55A-F0CA-423A-8F45-2F21FC6982CE}.Local.Debug|Any CPU.ActiveCfg = Local.Debug|Any CPU
		{FC2AA55A-F0CA-423A-8F45-2F21FC6982CE}.Local.Debug|Any CPU.Build.0 = Local.Debug|Any CPU
		{FC2AA55A-F0CA-423A-8F45-2F21FC6982CE}.Local.Debug|x64.ActiveCfg = Local.Debug|x64
		{FC2AA55A-F0CA-423A-8F45-2F21FC6982CE}.Local.Debug|x64.Build.0 = Local.Debug|x64
		{FC2AA55A-F0CA-423A-8F45-2F21FC6982CE}.Local.Release|Any CPU.ActiveCfg = Local.Release|Any CPU
		{FC2AA55A-F0CA-423A-8F45-2F21FC6982CE}.Local.Release|Any CPU.Build.0 = Local.Release|Any CPU
		{FC2AA55A-F0CA-423A-8F45-2F21FC6982CE}.Local.Release|x64.ActiveCfg = Local.Release|x64
		{FC2AA55A-F0CA-423A-8F45-2F21FC6982CE}.Local.Release|x64.Build.0 = Local.Release|x64
		{FC2AA55A-F0CA-423A-8F45-2F21FC6982CE}.Local.Test|Any CPU.ActiveCfg = Local.Test|Any CPU
		{FC2AA55A-F0CA-423A-8F45-2F21FC6982CE}.Local.Test|Any CPU.Build.0 = Local.Test|Any CPU
		{FC2AA55A-F0CA-423A-8F45-2F21FC6982CE}.Local.Test|x64.ActiveCfg = Local.Test|x64
		{FC2AA55A-F0CA-423A-8F45-2F21FC6982CE}.Local.Test|x64.Build.0 = Local.Test|x64
		{FC2AA55A-F0CA-423A-8F45-2F21FC6982CE}.Release|Any CPU.ActiveCfg = Release|Any CPU
		{FC2AA55A-F0CA-423A-8F45-2F21FC6982CE}.Release|Any CPU.Build.0 = Release|Any CPU
		{FC2AA55A-F0CA-423A-8F45-2F21FC6982CE}.Release|x64.ActiveCfg = Release|x64
		{FC2AA55A-F0CA-423A-8F45-2F21FC6982CE}.Release|x64.Build.0 = Release|x64
		{FC2AA55A-F0CA-423A-8F45-2F21FC6982CE}.Stagging.Debug|Any CPU.ActiveCfg = Stagging.Debug|Any CPU
		{FC2AA55A-F0CA-423A-8F45-2F21FC6982CE}.Stagging.Debug|Any CPU.Build.0 = Stagging.Debug|Any CPU
		{FC2AA55A-F0CA-423A-8F45-2F21FC6982CE}.Stagging.Debug|x64.ActiveCfg = Stagging.Debug|x64
		{FC2AA55A-F0CA-423A-8F45-2F21FC6982CE}.Stagging.Debug|x64.Build.0 = Stagging.Debug|x64
		{FC2AA55A-F0CA-423A-8F45-2F21FC6982CE}.Stagging.Release|Any CPU.ActiveCfg = Stagging.Release|Any CPU
		{FC2AA55A-F0CA-423A-8F45-2F21FC6982CE}.Stagging.Release|Any CPU.Build.0 = Stagging.Release|Any CPU
		{FC2AA55A-F0CA-423A-8F45-2F21FC6982CE}.Stagging.Release|x64.ActiveCfg = Stagging.Release|x64
		{FC2AA55A-F0CA-423A-8F45-2F21FC6982CE}.Stagging.Release|x64.Build.0 = Stagging.Release|x64
		{FC2AA55A-F0CA-423A-8F45-2F21FC6982CE}.Test.Debug|Any CPU.ActiveCfg = Test.Debug|Any CPU
		{FC2AA55A-F0CA-423A-8F45-2F21FC6982CE}.Test.Debug|Any CPU.Build.0 = Test.Debug|Any CPU
		{FC2AA55A-F0CA-423A-8F45-2F21FC6982CE}.Test.Debug|x64.ActiveCfg = Test.Debug|x64
		{FC2AA55A-F0CA-423A-8F45-2F21FC6982CE}.Test.Debug|x64.Build.0 = Test.Debug|x64
		{FC2AA55A-F0CA-423A-8F45-2F21FC6982CE}.Test.Release|Any CPU.ActiveCfg = Test.Release|Any CPU
		{FC2AA55A-F0CA-423A-8F45-2F21FC6982CE}.Test.Release|Any CPU.Build.0 = Test.Release|Any CPU
		{FC2AA55A-F0CA-423A-8F45-2F21FC6982CE}.Test.Release|x64.ActiveCfg = Test.Release|x64
		{FC2AA55A-F0CA-423A-8F45-2F21FC6982CE}.Test.Release|x64.Build.0 = Test.Release|x64
		{FFA64EB3-3D17-4DC1-8B8F-1E4B884AC7E5}.Debug|Any CPU.ActiveCfg = Debug|Any CPU
		{FFA64EB3-3D17-4DC1-8B8F-1E4B884AC7E5}.Debug|Any CPU.Build.0 = Debug|Any CPU
		{FFA64EB3-3D17-4DC1-8B8F-1E4B884AC7E5}.Debug|x64.ActiveCfg = Debug|x64
		{FFA64EB3-3D17-4DC1-8B8F-1E4B884AC7E5}.Debug|x64.Build.0 = Debug|x64
		{FFA64EB3-3D17-4DC1-8B8F-1E4B884AC7E5}.Live.Debug|Any CPU.ActiveCfg = Live.Debug|Any CPU
		{FFA64EB3-3D17-4DC1-8B8F-1E4B884AC7E5}.Live.Debug|Any CPU.Build.0 = Live.Debug|Any CPU
		{FFA64EB3-3D17-4DC1-8B8F-1E4B884AC7E5}.Live.Debug|x64.ActiveCfg = Live.Debug|x64
		{FFA64EB3-3D17-4DC1-8B8F-1E4B884AC7E5}.Live.Debug|x64.Build.0 = Live.Debug|x64
		{FFA64EB3-3D17-4DC1-8B8F-1E4B884AC7E5}.Live.Iran.Release|Any CPU.ActiveCfg = Release|Any CPU
		{FFA64EB3-3D17-4DC1-8B8F-1E4B884AC7E5}.Live.Iran.Release|Any CPU.Build.0 = Release|Any CPU
		{FFA64EB3-3D17-4DC1-8B8F-1E4B884AC7E5}.Live.Iran.Release|x64.ActiveCfg = Release|x64
		{FFA64EB3-3D17-4DC1-8B8F-1E4B884AC7E5}.Live.Iran.Release|x64.Build.0 = Release|x64
		{FFA64EB3-3D17-4DC1-8B8F-1E4B884AC7E5}.Live.Release|Any CPU.ActiveCfg = Live.Release|Any CPU
		{FFA64EB3-3D17-4DC1-8B8F-1E4B884AC7E5}.Live.Release|Any CPU.Build.0 = Live.Release|Any CPU
		{FFA64EB3-3D17-4DC1-8B8F-1E4B884AC7E5}.Live.Release|x64.ActiveCfg = Live.Release|x64
		{FFA64EB3-3D17-4DC1-8B8F-1E4B884AC7E5}.Live.Release|x64.Build.0 = Live.Release|x64
		{FFA64EB3-3D17-4DC1-8B8F-1E4B884AC7E5}.Local.Debug|Any CPU.ActiveCfg = Local.Debug|Any CPU
		{FFA64EB3-3D17-4DC1-8B8F-1E4B884AC7E5}.Local.Debug|Any CPU.Build.0 = Local.Debug|Any CPU
		{FFA64EB3-3D17-4DC1-8B8F-1E4B884AC7E5}.Local.Debug|x64.ActiveCfg = Local.Debug|x64
		{FFA64EB3-3D17-4DC1-8B8F-1E4B884AC7E5}.Local.Debug|x64.Build.0 = Local.Debug|x64
		{FFA64EB3-3D17-4DC1-8B8F-1E4B884AC7E5}.Local.Release|Any CPU.ActiveCfg = Local.Release|Any CPU
		{FFA64EB3-3D17-4DC1-8B8F-1E4B884AC7E5}.Local.Release|Any CPU.Build.0 = Local.Release|Any CPU
		{FFA64EB3-3D17-4DC1-8B8F-1E4B884AC7E5}.Local.Release|x64.ActiveCfg = Local.Release|x64
		{FFA64EB3-3D17-4DC1-8B8F-1E4B884AC7E5}.Local.Release|x64.Build.0 = Local.Release|x64
		{FFA64EB3-3D17-4DC1-8B8F-1E4B884AC7E5}.Local.Test|Any CPU.ActiveCfg = Local.Test|Any CPU
		{FFA64EB3-3D17-4DC1-8B8F-1E4B884AC7E5}.Local.Test|Any CPU.Build.0 = Local.Test|Any CPU
		{FFA64EB3-3D17-4DC1-8B8F-1E4B884AC7E5}.Local.Test|x64.ActiveCfg = Local.Test|x64
		{FFA64EB3-3D17-4DC1-8B8F-1E4B884AC7E5}.Local.Test|x64.Build.0 = Local.Test|x64
		{FFA64EB3-3D17-4DC1-8B8F-1E4B884AC7E5}.Release|Any CPU.ActiveCfg = Release|Any CPU
		{FFA64EB3-3D17-4DC1-8B8F-1E4B884AC7E5}.Release|Any CPU.Build.0 = Release|Any CPU
		{FFA64EB3-3D17-4DC1-8B8F-1E4B884AC7E5}.Release|x64.ActiveCfg = Release|x64
		{FFA64EB3-3D17-4DC1-8B8F-1E4B884AC7E5}.Release|x64.Build.0 = Release|x64
		{FFA64EB3-3D17-4DC1-8B8F-1E4B884AC7E5}.Stagging.Debug|Any CPU.ActiveCfg = Stagging.Debug|Any CPU
		{FFA64EB3-3D17-4DC1-8B8F-1E4B884AC7E5}.Stagging.Debug|Any CPU.Build.0 = Stagging.Debug|Any CPU
		{FFA64EB3-3D17-4DC1-8B8F-1E4B884AC7E5}.Stagging.Debug|x64.ActiveCfg = Stagging.Debug|x64
		{FFA64EB3-3D17-4DC1-8B8F-1E4B884AC7E5}.Stagging.Debug|x64.Build.0 = Stagging.Debug|x64
		{FFA64EB3-3D17-4DC1-8B8F-1E4B884AC7E5}.Stagging.Release|Any CPU.ActiveCfg = Stagging.Release|Any CPU
		{FFA64EB3-3D17-4DC1-8B8F-1E4B884AC7E5}.Stagging.Release|Any CPU.Build.0 = Stagging.Release|Any CPU
		{FFA64EB3-3D17-4DC1-8B8F-1E4B884AC7E5}.Stagging.Release|x64.ActiveCfg = Stagging.Release|x64
		{FFA64EB3-3D17-4DC1-8B8F-1E4B884AC7E5}.Stagging.Release|x64.Build.0 = Stagging.Release|x64
		{FFA64EB3-3D17-4DC1-8B8F-1E4B884AC7E5}.Test.Debug|Any CPU.ActiveCfg = Test.Debug|Any CPU
		{FFA64EB3-3D17-4DC1-8B8F-1E4B884AC7E5}.Test.Debug|Any CPU.Build.0 = Test.Debug|Any CPU
		{FFA64EB3-3D17-4DC1-8B8F-1E4B884AC7E5}.Test.Debug|x64.ActiveCfg = Test.Debug|x64
		{FFA64EB3-3D17-4DC1-8B8F-1E4B884AC7E5}.Test.Debug|x64.Build.0 = Test.Debug|x64
		{FFA64EB3-3D17-4DC1-8B8F-1E4B884AC7E5}.Test.Release|Any CPU.ActiveCfg = Test.Release|Any CPU
		{FFA64EB3-3D17-4DC1-8B8F-1E4B884AC7E5}.Test.Release|Any CPU.Build.0 = Test.Release|Any CPU
		{FFA64EB3-3D17-4DC1-8B8F-1E4B884AC7E5}.Test.Release|x64.ActiveCfg = Test.Release|x64
		{FFA64EB3-3D17-4DC1-8B8F-1E4B884AC7E5}.Test.Release|x64.Build.0 = Test.Release|x64
	EndGlobalSection
	GlobalSection(SolutionProperties) = preSolution
		HideSolutionNode = FALSE
	EndGlobalSection
EndGlobal
